
Microsoft Visual Studio Solution File, Format Version 12.00
Project("{FAE04EC0-301F-11D3-BF4B-00C04F79EFBC}") = "IGA", "IGA\IGA.csproj", "{F7F7227D-7F13-4184-BDC8-02531E7F5AB7}"
EndProject
Project("{FAE04EC0-301F-11D3-BF4B-00C04F79EFBC}") = "IGA_MVVM_Module", "IGA_MVVM_Module\IGA_MVVM_Module.csproj", "{EFCD3A98-F519-4D1C-8B43-0282076C7438}"
EndProject
Global
	GlobalSection(SolutionConfigurationPlatforms) = preSolution
		Debug|Any CPU = Debug|Any CPU
		Release|Any CPU = Release|Any CPU
	EndGlobalSection
	GlobalSection(ProjectConfigurationPlatforms) = postSolution
		{F7F7227D-7F13-4184-BDC8-02531E7F5AB7}.Debug|Any CPU.ActiveCfg = Debug|Any CPU
		{F7F7227D-7F13-4184-BDC8-02531E7F5AB7}.Debug|Any CPU.Build.0 = Debug|Any CPU
		{F7F7227D-7F13-4184-BDC8-02531E7F5AB7}.Release|Any CPU.ActiveCfg = Release|Any CPU
		{F7F7227D-7F13-4184-BDC8-02531E7F5AB7}.Release|Any CPU.Build.0 = Release|Any CPU
		{EFCD3A98-F519-4D1C-8B43-0282076C7438}.Debug|Any CPU.ActiveCfg = Debug|Any CPU
		{EFCD3A98-F519-4D1C-8B43-0282076C7438}.Debug|Any CPU.Build.0 = Debug|Any CPU
		{EFCD3A98-F519-4D1C-8B43-0282076C7438}.Release|Any CPU.ActiveCfg = Release|Any CPU
		{EFCD3A98-F519-4D1C-8B43-0282076C7438}.Release|Any CPU.Build.0 = Release|Any CPU
	EndGlobalSection
EndGlobal
